<?xml version="1.0" encoding="utf-8"?>
<Project ToolsVersion="4.0" xmlns="http://schemas.microsoft.com/developer/msbuild/2003">
  <ItemGroup>
    <Filter Include="Source Files">
      <UniqueIdentifier>{4FC737F1-C7A5-4376-A066-2A32D752A2FF}</UniqueIdentifier>
      <Extensions>cpp;c;cc;cxx;def;odl;idl;hpj;bat;asm;asmx</Extensions>
    </Filter>
    <Filter Include="Header Files">
      <UniqueIdentifier>{93995380-89BD-4b04-88EB-625FBE52EBFB}</UniqueIdentifier>
      <Extensions>h;hpp;hxx;hm;inl;inc;xsd</Extensions>
    </Filter>
    <Filter Include="Source Files\Memory">
      <UniqueIdentifier>{558c8229-1c77-4eb0-807f-f7db9e11455c}</UniqueIdentifier>
    </Filter>
    <Filter Include="Assembly">
      <UniqueIdentifier>{6d6e64b5-3942-4270-9f6d-cf370eedaab1}</UniqueIdentifier>
    </Filter>
    <Filter Include="Source Files\VMX">
      <UniqueIdentifier>{aabeca50-1c14-442c-8268-ece54ed257d5}</UniqueIdentifier>
    </Filter>
    <Filter Include="Source Files\Common">
      <UniqueIdentifier>{fe16b9fa-aee2-467d-9f51-643057d24250}</UniqueIdentifier>
    </Filter>
  </ItemGroup>
  <ItemGroup>
    <ClCompile Include="Memory.c">
      <Filter>Source Files\Memory</Filter>
    </ClCompile>
    <ClCompile Include="Driver.c">
      <Filter>Source Files</Filter>
    </ClCompile>
    <ClCompile Include="Processor.c">
      <Filter>Source Files\Common</Filter>
    </ClCompile>
    <ClCompile Include="VMX.c">
      <Filter>Source Files\VMX</Filter>
    </ClCompile>
    <ClCompile Include="EPT.c">
      <Filter>Source Files\Memory</Filter>
    </ClCompile>
    <ClCompile Include="ProtectedMode.c">
      <Filter>Source Files\Common</Filter>
    </ClCompile>
  </ItemGroup>
  <ItemGroup>
    <ClInclude Include="MSR.h">
      <Filter>Header Files</Filter>
    </ClInclude>
    <ClInclude Include="EPT.h">
      <Filter>Header Files</Filter>
    </ClInclude>
    <ClInclude Include="VMX.h">
      <Filter>Header Files</Filter>
    </ClInclude>
    <ClInclude Include="Common.h">
      <Filter>Header Files</Filter>
    </ClInclude>
    <ClInclude Include="ProtectedMode.h">
      <Filter>Header Files</Filter>
    </ClInclude>
  </ItemGroup>
  <ItemGroup>
    <MASM Include="Main.asm">
      <Filter>Assembly</Filter>
    </MASM>
    <MASM Include="VMExitHandler.asm">
      <Filter>Assembly</Filter>
    </MASM>
  </ItemGroup>
</Project>