
Microsoft Visual Studio Solution File, Format Version 12.00
# Visual Studio 14
VisualStudioVersion = 14.0.25420.1
MinimumVisualStudioVersion = 10.0.40219.1
Project("{8BC9CEB8-8B4A-11D0-8D11-00A0C91BC942}") = "MyHypervisorApp", "MyHypervisorApp\MyHypervisorApp.vcxproj", "{50557353-3160-4AF3-A9C5-1ACD09AF745C}"
EndProject
Global
	GlobalSection(SolutionConfigurationPlatforms) = preSolution
		Debug|x64 = Debug|x64
		Debug|x86 = Debug|x86
		Release|x64 = Release|x64
		Release|x86 = Release|x86
	EndGlobalSection
	GlobalSection(ProjectConfigurationPlatforms) = postSolution
		{50557353-3160-4AF3-A9C5-1ACD09AF745C}.Debug|x64.ActiveCfg = Debug|x64
		{50557353-3160-4AF3-A9C5-1ACD09AF745C}.Debug|x64.Build.0 = Debug|x64
		{50557353-3160-4AF3-A9C5-1ACD09AF745C}.Debug|x86.ActiveCfg = Debug|Win32
		{50557353-3160-4AF3-A9C5-1ACD09AF745C}.Debug|x86.Build.0 = Debug|Win32
		{50557353-3160-4AF3-A9C5-1ACD09AF745C}.Release|x64.ActiveCfg = Release|x64
		{50557353-3160-4AF3-A9C5-1ACD09AF745C}.Release|x64.Build.0 = Release|x64
		{50557353-3160-4AF3-A9C5-1ACD09AF745C}.Release|x86.ActiveCfg = Release|Win32
		{50557353-3160-4AF3-A9C5-1ACD09AF745C}.Release|x86.Build.0 = Release|Win32
	EndGlobalSection
	GlobalSection(SolutionProperties) = preSolution
		HideSolutionNode = FALSE
	EndGlobalSection
EndGlobal
