
Microsoft Visual Studio Solution File, Format Version 12.00
# Visual Studio Version 17
VisualStudioVersion = 17.2.32602.215
MinimumVisualStudioVersion = 10.0.40219.1
Project("{8BC9CEB8-8B4A-11D0-8D11-00A0C91BC942}") = "MyHypervisorDriver", "MyHypervisorDriver\MyHypervisorDriver.vcxproj", "{BB17323A-2460-4AE1-8AFE-B367400B934F}"
EndProject
Global
	GlobalSection(SolutionConfigurationPlatforms) = preSolution
		Debug|x64 = Debug|x64
		Release|x64 = Release|x64
	EndGlobalSection
	GlobalSection(ProjectConfigurationPlatforms) = postSolution
		{BB17323A-2460-4AE1-8AFE-B367400B934F}.Debug|x64.ActiveCfg = Debug|x64
		{BB17323A-2460-4AE1-8AFE-B367400B934F}.Debug|x64.Build.0 = Debug|x64
		{BB17323A-2460-4AE1-8AFE-B367400B934F}.Debug|x64.Deploy.0 = Debug|x64
		{BB17323A-2460-4AE1-8AFE-B367400B934F}.Release|x64.ActiveCfg = Release|x64
		{BB17323A-2460-4AE1-8AFE-B367400B934F}.Release|x64.Build.0 = Release|x64
		{BB17323A-2460-4AE1-8AFE-B367400B934F}.Release|x64.Deploy.0 = Release|x64
	EndGlobalSection
	GlobalSection(SolutionProperties) = preSolution
		HideSolutionNode = FALSE
	EndGlobalSection
	GlobalSection(ExtensibilityGlobals) = postSolution
		SolutionGuid = {BE2B816A-7282-4673-AA75-D2A6B7E4C6CB}
	EndGlobalSection
EndGlobal
